
Microsoft Visual Studio Solution File, Format Version 12.00
# Visual Studio Version 17
VisualStudioVersion = 17.11.35303.130
MinimumVisualStudioVersion = 10.0.40219.1
Project("{2150E333-8FDC-42A3-9474-1A3956D46DE8}") = "Task0", "Task0", "{736B2F59-CADD-4395-A9D6-E7329EFFE02A}"
EndProject
Project("{9A19103F-16F7-4668-BE54-9A1E7A4F7556}") = "Tyuiu.SilinEV.Sprint0.Task0.V0", "Tyuiu.SilinEV.Sprint0.Task0.V0\Tyuiu.SilinEV.Sprint0.Task0.V0.csproj", "{BADECA7B-4154-484C-B9A7-F6A895BB16B9}"
EndProject
Project("{2150E333-8FDC-42A3-9474-1A3956D46DE8}") = "Task1", "Task1", "{82477CC1-2B22-4BDB-AAB7-8CCB564100BF}"
EndProject
Project("{9A19103F-16F7-4668-BE54-9A1E7A4F7556}") = "Tyuiu.SilinEV.Sprint0.Task1.V0", "Tyuiu.SilinEV.Sprint0.Task1.V0\Tyuiu.SilinEV.Sprint0.Task1.V0.csproj", "{48B07644-282A-478A-9000-8BCDC3637469}"
EndProject
Project("{2150E333-8FDC-42A3-9474-1A3956D46DE8}") = "Task2", "Task2", "{2316619F-174A-4731-8FC4-2255D9A7AEEF}"
EndProject
Project("{FAE04EC0-301F-11D3-BF4B-00C04F79EFBC}") = "Tyuiu.SilinEV.Sprint0.Task2.V0", "Tyuiu.SilinEV.Sprint0.Task2.V0\Tyuiu.SilinEV.Sprint0.Task2.V0.csproj", "{8C662BB3-BEC0-47B5-9C11-D6308C85FC46}"
EndProject
Project("{FAE04EC0-301F-11D3-BF4B-00C04F79EFBC}") = "Tyuiu.SilinEV.Sprint0.Task2.V0.Lib", "Tyuiu.SilinEV.Sprint0.Task2.V0.Lib\Tyuiu.SilinEV.Sprint0.Task2.V0.Lib.csproj", "{18C975B3-F25C-4CB9-8B1B-3DD9241B29A8}"
EndProject
Project("{FAE04EC0-301F-11D3-BF4B-00C04F79EFBC}") = "Tyuiu.SilinEV.Sprint0.Task2.V0.Test", "Tyuiu.SilinEV.Sprint0.Task2.V0.Test\Tyuiu.SilinEV.Sprint0.Task2.V0.Test.csproj", "{ABEEB2FF-D97B-4553-96FF-67BFF2D83E4F}"
EndProject
Project("{2150E333-8FDC-42A3-9474-1A3956D46DE8}") = "Task3", "Task3", "{8A43196E-8602-4D25-8510-B3664D9F862D}"
EndProject
Project("{FAE04EC0-301F-11D3-BF4B-00C04F79EFBC}") = "Tyuiu.SilinEV.Sprint0.Task3.V0", "Tyuiu.SilinEV.Sprint0.Task3.V0\Tyuiu.SilinEV.Sprint0.Task3.V0.csproj", "{2D63B273-9F52-4DE0-AD3E-6096C93D9BA7}"
EndProject
Project("{FAE04EC0-301F-11D3-BF4B-00C04F79EFBC}") = "Tyuiu.SilinEV.Sprint0.Task3.V0.Lib", "Tyuiu.SilinEV.Sprint0.Task3.V0.Lib\Tyuiu.SilinEV.Sprint0.Task3.V0.Lib.csproj", "{9E1195CF-A001-480E-9A19-D68B7C746B36}"
EndProject
Project("{FAE04EC0-301F-11D3-BF4B-00C04F79EFBC}") = "Tyuiu.SilinEV.Sprint0.Task3.V0.Test", "Tyuiu.SilinEV.Sprint0.Task3.V0.Test\Tyuiu.SilinEV.Sprint0.Task3.V0.Test.csproj", "{C57FC905-E9AA-4B46-A13D-434E59958494}"
EndProject
Project("{2150E333-8FDC-42A3-9474-1A3956D46DE8}") = "Task4", "Task4", "{07BD033D-7D2C-40E9-A7DC-6C9B33198A2F}"
EndProject
Project("{FAE04EC0-301F-11D3-BF4B-00C04F79EFBC}") = "Tyuiu.SilinEV.Sprint0.Task4.V0", "Tyuiu.SilinEV.Sprint0.Task4.V0\Tyuiu.SilinEV.Sprint0.Task4.V0.csproj", "{B2E88530-52A4-4C41-9D1A-B2A0BE5A3E9E}"
EndProject
Project("{FAE04EC0-301F-11D3-BF4B-00C04F79EFBC}") = "Tyuiu.SilinEV.Sprint0.Task4.V0.Test", "Tyuiu.SilinEV.Sprint0.Task4.V0.Test\Tyuiu.SilinEV.Sprint0.Task4.V0.Test.csproj", "{A3ABB964-60BE-437B-AA28-70010B338A71}"
EndProject
Project("{FAE04EC0-301F-11D3-BF4B-00C04F79EFBC}") = "Tyuiu.SilinEV.Sprint0.Task4.V0.Lib", "Tyuiu.SilinEV.Sprint0.Task4.V0.Lib\Tyuiu.SilinEV.Sprint0.Task4.V0.Lib.csproj", "{6139CB6E-ABB5-4CBF-BD76-C8E5605F7735}"
EndProject
Project("{2150E333-8FDC-42A3-9474-1A3956D46DE8}") = "Task5", "Task5", "{0958F5EE-499E-46B6-9DD0-107825478DD4}"
EndProject
Project("{FAE04EC0-301F-11D3-BF4B-00C04F79EFBC}") = "Tyuiu.SilinEV.Sprint0.Task5.V0", "Tyuiu.SilinEV.Sprint0.Task5.V0\Tyuiu.SilinEV.Sprint0.Task5.V0.csproj", "{08EFB488-0531-43F9-A53A-10EAA7616455}"
EndProject
Project("{FAE04EC0-301F-11D3-BF4B-00C04F79EFBC}") = "Tyuiu.SilinEV.Sprint0.Task5.V0.Lib", "Tyuiu.SilinEV.Sprint0.Task5.V0,Lib\Tyuiu.SilinEV.Sprint0.Task5.V0.Lib.csproj", "{4BFC6365-B8B7-4552-BB05-0DB9C99146F6}"
EndProject
Project("{FAE04EC0-301F-11D3-BF4B-00C04F79EFBC}") = "Tyuiu.SilinEV.Sprint0.Task5.V0.Test", "Tyuiu.SilinEV.Sprint0.Task5.V0.Test\Tyuiu.SilinEV.Sprint0.Task5.V0.Test.csproj", "{A00EABDA-F6C9-46A4-8F3D-9F6DA7100FC0}"
EndProject
Global
	GlobalSection(SolutionConfigurationPlatforms) = preSolution
		Debug|Any CPU = Debug|Any CPU
		Release|Any CPU = Release|Any CPU
	EndGlobalSection
	GlobalSection(ProjectConfigurationPlatforms) = postSolution
		{BADECA7B-4154-484C-B9A7-F6A895BB16B9}.Debug|Any CPU.ActiveCfg = Debug|Any CPU
		{BADECA7B-4154-484C-B9A7-F6A895BB16B9}.Debug|Any CPU.Build.0 = Debug|Any CPU
		{BADECA7B-4154-484C-B9A7-F6A895BB16B9}.Release|Any CPU.ActiveCfg = Release|Any CPU
		{BADECA7B-4154-484C-B9A7-F6A895BB16B9}.Release|Any CPU.Build.0 = Release|Any CPU
		{48B07644-282A-478A-9000-8BCDC3637469}.Debug|Any CPU.ActiveCfg = Debug|Any CPU
		{48B07644-282A-478A-9000-8BCDC3637469}.Debug|Any CPU.Build.0 = Debug|Any CPU
		{48B07644-282A-478A-9000-8BCDC3637469}.Release|Any CPU.ActiveCfg = Release|Any CPU
		{48B07644-282A-478A-9000-8BCDC3637469}.Release|Any CPU.Build.0 = Release|Any CPU
		{8C662BB3-BEC0-47B5-9C11-D6308C85FC46}.Debug|Any CPU.ActiveCfg = Debug|Any CPU
		{8C662BB3-BEC0-47B5-9C11-D6308C85FC46}.Debug|Any CPU.Build.0 = Debug|Any CPU
		{8C662BB3-BEC0-47B5-9C11-D6308C85FC46}.Release|Any CPU.ActiveCfg = Release|Any CPU
		{8C662BB3-BEC0-47B5-9C11-D6308C85FC46}.Release|Any CPU.Build.0 = Release|Any CPU
		{18C975B3-F25C-4CB9-8B1B-3DD9241B29A8}.Debug|Any CPU.ActiveCfg = Debug|Any CPU
		{18C975B3-F25C-4CB9-8B1B-3DD9241B29A8}.Debug|Any CPU.Build.0 = Debug|Any CPU
		{18C975B3-F25C-4CB9-8B1B-3DD9241B29A8}.Release|Any CPU.ActiveCfg = Release|Any CPU
		{18C975B3-F25C-4CB9-8B1B-3DD9241B29A8}.Release|Any CPU.Build.0 = Release|Any CPU
		{ABEEB2FF-D97B-4553-96FF-67BFF2D83E4F}.Debug|Any CPU.ActiveCfg = Debug|Any CPU
		{ABEEB2FF-D97B-4553-96FF-67BFF2D83E4F}.Debug|Any CPU.Build.0 = Debug|Any CPU
		{ABEEB2FF-D97B-4553-96FF-67BFF2D83E4F}.Release|Any CPU.ActiveCfg = Release|Any CPU
		{ABEEB2FF-D97B-4553-96FF-67BFF2D83E4F}.Release|Any CPU.Build.0 = Release|Any CPU
		{2D63B273-9F52-4DE0-AD3E-6096C93D9BA7}.Debug|Any CPU.ActiveCfg = Debug|Any CPU
		{2D63B273-9F52-4DE0-AD3E-6096C93D9BA7}.Debug|Any CPU.Build.0 = Debug|Any CPU
		{2D63B273-9F52-4DE0-AD3E-6096C93D9BA7}.Release|Any CPU.ActiveCfg = Release|Any CPU
		{2D63B273-9F52-4DE0-AD3E-6096C93D9BA7}.Release|Any CPU.Build.0 = Release|Any CPU
		{9E1195CF-A001-480E-9A19-D68B7C746B36}.Debug|Any CPU.ActiveCfg = Debug|Any CPU
		{9E1195CF-A001-480E-9A19-D68B7C746B36}.Debug|Any CPU.Build.0 = Debug|Any CPU
		{9E1195CF-A001-480E-9A19-D68B7C746B36}.Release|Any CPU.ActiveCfg = Release|Any CPU
		{9E1195CF-A001-480E-9A19-D68B7C746B36}.Release|Any CPU.Build.0 = Release|Any CPU
		{C57FC905-E9AA-4B46-A13D-434E59958494}.Debug|Any CPU.ActiveCfg = Debug|Any CPU
		{C57FC905-E9AA-4B46-A13D-434E59958494}.Debug|Any CPU.Build.0 = Debug|Any CPU
		{C57FC905-E9AA-4B46-A13D-434E59958494}.Release|Any CPU.ActiveCfg = Release|Any CPU
		{C57FC905-E9AA-4B46-A13D-434E59958494}.Release|Any CPU.Build.0 = Release|Any CPU
		{B2E88530-52A4-4C41-9D1A-B2A0BE5A3E9E}.Debug|Any CPU.ActiveCfg = Debug|Any CPU
		{B2E88530-52A4-4C41-9D1A-B2A0BE5A3E9E}.Debug|Any CPU.Build.0 = Debug|Any CPU
		{B2E88530-52A4-4C41-9D1A-B2A0BE5A3E9E}.Release|Any CPU.ActiveCfg = Release|Any CPU
		{B2E88530-52A4-4C41-9D1A-B2A0BE5A3E9E}.Release|Any CPU.Build.0 = Release|Any CPU
		{A3ABB964-60BE-437B-AA28-70010B338A71}.Debug|Any CPU.ActiveCfg = Debug|Any CPU
		{A3ABB964-60BE-437B-AA28-70010B338A71}.Debug|Any CPU.Build.0 = Debug|Any CPU
		{A3ABB964-60BE-437B-AA28-70010B338A71}.Release|Any CPU.ActiveCfg = Release|Any CPU
		{A3ABB964-60BE-437B-AA28-70010B338A71}.Release|Any CPU.Build.0 = Release|Any CPU
		{6139CB6E-ABB5-4CBF-BD76-C8E5605F7735}.Debug|Any CPU.ActiveCfg = Debug|Any CPU
		{6139CB6E-ABB5-4CBF-BD76-C8E5605F7735}.Debug|Any CPU.Build.0 = Debug|Any CPU
		{6139CB6E-ABB5-4CBF-BD76-C8E5605F7735}.Release|Any CPU.ActiveCfg = Release|Any CPU
		{6139CB6E-ABB5-4CBF-BD76-C8E5605F7735}.Release|Any CPU.Build.0 = Release|Any CPU
		{08EFB488-0531-43F9-A53A-10EAA7616455}.Debug|Any CPU.ActiveCfg = Debug|Any CPU
		{08EFB488-0531-43F9-A53A-10EAA7616455}.Debug|Any CPU.Build.0 = Debug|Any CPU
		{08EFB488-0531-43F9-A53A-10EAA7616455}.Release|Any CPU.ActiveCfg = Release|Any CPU
		{08EFB488-0531-43F9-A53A-10EAA7616455}.Release|Any CPU.Build.0 = Release|Any CPU
		{4BFC6365-B8B7-4552-BB05-0DB9C99146F6}.Debug|Any CPU.ActiveCfg = Debug|Any CPU
		{4BFC6365-B8B7-4552-BB05-0DB9C99146F6}.Debug|Any CPU.Build.0 = Debug|Any CPU
		{4BFC6365-B8B7-4552-BB05-0DB9C99146F6}.Release|Any CPU.ActiveCfg = Release|Any CPU
		{4BFC6365-B8B7-4552-BB05-0DB9C99146F6}.Release|Any CPU.Build.0 = Release|Any CPU
		{A00EABDA-F6C9-46A4-8F3D-9F6DA7100FC0}.Debug|Any CPU.ActiveCfg = Debug|Any CPU
		{A00EABDA-F6C9-46A4-8F3D-9F6DA7100FC0}.Debug|Any CPU.Build.0 = Debug|Any CPU
		{A00EABDA-F6C9-46A4-8F3D-9F6DA7100FC0}.Release|Any CPU.ActiveCfg = Release|Any CPU
		{A00EABDA-F6C9-46A4-8F3D-9F6DA7100FC0}.Release|Any CPU.Build.0 = Release|Any CPU
	EndGlobalSection
	GlobalSection(SolutionProperties) = preSolution
		HideSolutionNode = FALSE
	EndGlobalSection
	GlobalSection(NestedProjects) = preSolution
		{BADECA7B-4154-484C-B9A7-F6A895BB16B9} = {736B2F59-CADD-4395-A9D6-E7329EFFE02A}
		{48B07644-282A-478A-9000-8BCDC3637469} = {82477CC1-2B22-4BDB-AAB7-8CCB564100BF}
		{8C662BB3-BEC0-47B5-9C11-D6308C85FC46} = {2316619F-174A-4731-8FC4-2255D9A7AEEF}
		{18C975B3-F25C-4CB9-8B1B-3DD9241B29A8} = {2316619F-174A-4731-8FC4-2255D9A7AEEF}
		{ABEEB2FF-D97B-4553-96FF-67BFF2D83E4F} = {2316619F-174A-4731-8FC4-2255D9A7AEEF}
		{2D63B273-9F52-4DE0-AD3E-6096C93D9BA7} = {8A43196E-8602-4D25-8510-B3664D9F862D}
		{9E1195CF-A001-480E-9A19-D68B7C746B36} = {8A43196E-8602-4D25-8510-B3664D9F862D}
		{C57FC905-E9AA-4B46-A13D-434E59958494} = {8A43196E-8602-4D25-8510-B3664D9F862D}
		{B2E88530-52A4-4C41-9D1A-B2A0BE5A3E9E} = {07BD033D-7D2C-40E9-A7DC-6C9B33198A2F}
		{A3ABB964-60BE-437B-AA28-70010B338A71} = {07BD033D-7D2C-40E9-A7DC-6C9B33198A2F}
		{6139CB6E-ABB5-4CBF-BD76-C8E5605F7735} = {07BD033D-7D2C-40E9-A7DC-6C9B33198A2F}
		{08EFB488-0531-43F9-A53A-10EAA7616455} = {0958F5EE-499E-46B6-9DD0-107825478DD4}
		{4BFC6365-B8B7-4552-BB05-0DB9C99146F6} = {0958F5EE-499E-46B6-9DD0-107825478DD4}
		{A00EABDA-F6C9-46A4-8F3D-9F6DA7100FC0} = {0958F5EE-499E-46B6-9DD0-107825478DD4}
	EndGlobalSection
	GlobalSection(ExtensibilityGlobals) = postSolution
		SolutionGuid = {FE856632-2799-48A1-82E9-E8EC3FE6AC26}
	EndGlobalSection
EndGlobal
